
Microsoft Visual Studio Solution File, Format Version 12.00
# Visual Studio Version 17
VisualStudioVersion = 17.0.31903.59
MinimumVisualStudioVersion = 10.0.40219.1
Project("{FAE04EC0-301F-11D3-BF4B-00C04F79EFBC}") = "DotNetApi", "DotNetApi\DotNetApi.csproj", "{92297F07-FDBB-42DD-A3E5-50DC8E214432}"
EndProject
Project("{FAE04EC0-301F-11D3-BF4B-00C04F79EFBC}") = "DotNetApi.Contracts", "DotNetApi.Contracts\DotNetApi.Contracts.csproj", "{A791B40E-78EC-44BF-BF02-7C1B9DCF9E91}"
EndProject
Global
	GlobalSection(SolutionConfigurationPlatforms) = preSolution
		Debug|Any CPU = Debug|Any CPU
		Release|Any CPU = Release|Any CPU
	EndGlobalSection
	GlobalSection(SolutionProperties) = preSolution
		HideSolutionNode = FALSE
	EndGlobalSection
	GlobalSection(ProjectConfigurationPlatforms) = postSolution
		{92297F07-FDBB-42DD-A3E5-50DC8E214432}.Debug|Any CPU.ActiveCfg = Debug|Any CPU
		{92297F07-FDBB-42DD-A3E5-50DC8E214432}.Debug|Any CPU.Build.0 = Debug|Any CPU
		{92297F07-FDBB-42DD-A3E5-50DC8E214432}.Release|Any CPU.ActiveCfg = Release|Any CPU
		{92297F07-FDBB-42DD-A3E5-50DC8E214432}.Release|Any CPU.Build.0 = Release|Any CPU
		{A791B40E-78EC-44BF-BF02-7C1B9DCF9E91}.Debug|Any CPU.ActiveCfg = Debug|Any CPU
		{A791B40E-78EC-44BF-BF02-7C1B9DCF9E91}.Debug|Any CPU.Build.0 = Debug|Any CPU
		{A791B40E-78EC-44BF-BF02-7C1B9DCF9E91}.Release|Any CPU.ActiveCfg = Release|Any CPU
		{A791B40E-78EC-44BF-BF02-7C1B9DCF9E91}.Release|Any CPU.Build.0 = Release|Any CPU
	EndGlobalSection
EndGlobal
